
Microsoft Visual Studio Solution File, Format Version 12.00
# Visual Studio Version 17
VisualStudioVersion = 17.13.35825.156 d17.13
MinimumVisualStudioVersion = 10.0.40219.1
Project("{FAE04EC0-301F-11D3-BF4B-00C04F79EFBC}") = "WebApplication1", "WebApplication1\WebApplication1.csproj", "{D6899E5D-AF0B-49FC-9024-308D6C40634B}"
EndProject
Global
	GlobalSection(SolutionConfigurationPlatforms) = preSolution
		Debug|Any CPU = Debug|Any CPU
		Release|Any CPU = Release|Any CPU
	EndGlobalSection
	GlobalSection(ProjectConfigurationPlatforms) = postSolution
		{D6899E5D-AF0B-49FC-9024-308D6C40634B}.Debug|Any CPU.ActiveCfg = Debug|Any CPU
		{D6899E5D-AF0B-49FC-9024-308D6C40634B}.Debug|Any CPU.Build.0 = Debug|Any CPU
		{D6899E5D-AF0B-49FC-9024-308D6C40634B}.Release|Any CPU.ActiveCfg = Release|Any CPU
		{D6899E5D-AF0B-49FC-9024-308D6C40634B}.Release|Any CPU.Build.0 = Release|Any CPU
	EndGlobalSection
	GlobalSection(SolutionProperties) = preSolution
		HideSolutionNode = FALSE
	EndGlobalSection
	GlobalSection(ExtensibilityGlobals) = postSolution
		SolutionGuid = {37A0787B-73D1-493C-8CAD-EAC1646E4467}
	EndGlobalSection
EndGlobal
